{
  "nodes": {
    "bash-env-json": {
      "inputs": {
        "flake-utils": "flake-utils",
        "nixpkgs": [
          "nixpkgs"
        ]
      },
      "locked": {
        "lastModified": 1732513604,
        "narHash": "sha256-EYro4pMILnQFpXpFjdzSDuudhqC2EvysYMUmIOvesgo=",
        "owner": "tesujimath",
        "repo": "bash-env-json",
        "rev": "2214d1a5d91722d9748812d64d4610e27e59c3a1",
        "type": "github"
      },
      "original": {
        "owner": "tesujimath",
        "ref": "main",
        "repo": "bash-env-json",
        "type": "github"
      }
    },
    "bash-env-nushell": {
      "inputs": {
        "bash-env-json": [
          "bash-env-json"
        ],
        "flake-utils": "flake-utils_2",
        "nixpkgs": [
          "nixpkgs"
        ],
        "rust-overlay": "rust-overlay"
      },
      "locked": {
        "lastModified": 1732409714,
        "narHash": "sha256-Vde8DB6fIlQdDefh5YwIppIlV0323lBqnkZNcuDHFu8=",
        "owner": "tesujimath",
        "repo": "bash-env-nushell",
        "rev": "8c90d0a17bfe535d17c19314115d7f1978403b6e",
        "type": "github"
      },
      "original": {
        "owner": "tesujimath",
        "ref": "main",
        "repo": "bash-env-nushell",
        "type": "github"
      }
    },
    "catppuccin": {
      "locked": {
        "lastModified": 1733001911,
        "narHash": "sha256-uX/9m0TbdhEzuWA0muM5mI/AaWcLiDLjCCyu5Qr9MRk=",
        "owner": "catppuccin",
        "repo": "nix",
        "rev": "a817009ebfd2cca7f70a77884e5098d0a8c83f8e",
        "type": "github"
      },
      "original": {
        "owner": "catppuccin",
        "repo": "nix",
        "type": "github"
      }
    },
    "flake-utils": {
      "inputs": {
        "systems": "systems"
      },
      "locked": {
        "lastModified": 1726560853,
        "narHash": "sha256-X6rJYSESBVr3hBoH0WbKE5KvhPU5bloyZ2L4K60/fPQ=",
        "owner": "numtide",
        "repo": "flake-utils",
        "rev": "c1dfcf08411b08f6b8615f7d8971a2bfa81d5e8a",
        "type": "github"
      },
      "original": {
        "owner": "numtide",
        "repo": "flake-utils",
        "type": "github"
      }
    },
    "flake-utils_2": {
      "inputs": {
        "systems": "systems_2"
      },
      "locked": {
        "lastModified": 1710146030,
        "narHash": "sha256-SZ5L6eA7HJ/nmkzGG7/ISclqe6oZdOZTNoesiInkXPQ=",
        "owner": "numtide",
        "repo": "flake-utils",
        "rev": "b1d9ab70662946ef0850d488da1c9019f3a9752a",
        "type": "github"
      },
      "original": {
        "owner": "numtide",
        "repo": "flake-utils",
        "type": "github"
      }
    },
    "flake-utils_3": {
      "inputs": {
        "systems": "systems_3"
      },
      "locked": {
        "lastModified": 1726560853,
        "narHash": "sha256-X6rJYSESBVr3hBoH0WbKE5KvhPU5bloyZ2L4K60/fPQ=",
        "owner": "numtide",
        "repo": "flake-utils",
        "rev": "c1dfcf08411b08f6b8615f7d8971a2bfa81d5e8a",
        "type": "github"
      },
      "original": {
        "owner": "numtide",
        "repo": "flake-utils",
        "type": "github"
      }
    },
    "home-manager": {
      "inputs": {
        "nixpkgs": [
          "nixpkgs"
        ]
      },
      "locked": {
        "lastModified": 1732884235,
        "narHash": "sha256-r8j6R3nrvwbT1aUp4EPQ1KC7gm0pu9VcV1aNaB+XG6Q=",
        "owner": "nix-community",
        "repo": "home-manager",
        "rev": "819f682269f4e002884702b87e445c82840c68f2",
        "type": "github"
      },
      "original": {
        "owner": "nix-community",
        "repo": "home-manager",
        "type": "github"
      }
    },
    "mise": {
      "inputs": {
        "flake-utils": "flake-utils_3",
        "nixpkgs": "nixpkgs_2"
      },
      "locked": {
        "lastModified": 1733001516,
        "narHash": "sha256-UNsfcgaJS9NAnz0u9Nqdr2CA+ReSCjATXRVAiiOb5Nc=",
        "owner": "jdx",
        "repo": "mise",
        "rev": "65694784bc1a407b34f51df6b6376e5ae23db85c",
        "type": "github"
      },
      "original": {
        "owner": "jdx",
        "repo": "mise",
        "type": "github"
      }
    },
    "nix-index-database": {
      "inputs": {
        "nixpkgs": [
          "nixpkgs"
        ]
      },
      "locked": {
        "lastModified": 1732519917,
        "narHash": "sha256-AGXhwHdJV0q/WNgqwrR2zriubLr785b02FphaBtyt1Q=",
        "owner": "Mic92",
        "repo": "nix-index-database",
        "rev": "f4a5ca5771ba9ca31ad24a62c8d511a405303436",
        "type": "github"
      },
      "original": {
        "owner": "Mic92",
        "repo": "nix-index-database",
        "type": "github"
      }
    },
    "nixpkgs": {
      "locked": {
        "lastModified": 1718428119,
        "narHash": "sha256-WdWDpNaq6u1IPtxtYHHWpl5BmabtpmLnMAx0RdJ/vo8=",
        "owner": "NixOS",
        "repo": "nixpkgs",
        "rev": "e6cea36f83499eb4e9cd184c8a8e823296b50ad5",
        "type": "github"
      },
      "original": {
        "owner": "NixOS",
        "ref": "nixpkgs-unstable",
        "repo": "nixpkgs",
        "type": "github"
      }
    },
    "nixpkgs-unstable": {
      "locked": {
        "lastModified": 1732837521,
        "narHash": "sha256-jNRNr49UiuIwaarqijgdTR2qLPifxsVhlJrKzQ8XUIE=",
        "owner": "nixos",
        "repo": "nixpkgs",
        "rev": "970e93b9f82e2a0f3675757eb0bfc73297cc6370",
        "type": "github"
      },
      "original": {
        "owner": "nixos",
        "ref": "nixos-unstable",
        "repo": "nixpkgs",
        "type": "github"
      }
    },
    "nixpkgs_2": {
      "locked": {
        "lastModified": 1729980323,
        "narHash": "sha256-eWPRZAlhf446bKSmzw6x7RWEE4IuZgAp8NW3eXZwRAY=",
        "owner": "NixOS",
        "repo": "nixpkgs",
        "rev": "86e78d3d2084ff87688da662cf78c2af085d8e73",
        "type": "github"
      },
      "original": {
        "owner": "NixOS",
        "ref": "nixpkgs-unstable",
        "repo": "nixpkgs",
        "type": "github"
      }
    },
    "nixpkgs_3": {
      "locked": {
        "lastModified": 1732837521,
        "narHash": "sha256-jNRNr49UiuIwaarqijgdTR2qLPifxsVhlJrKzQ8XUIE=",
        "owner": "nixos",
        "repo": "nixpkgs",
        "rev": "970e93b9f82e2a0f3675757eb0bfc73297cc6370",
        "type": "github"
      },
      "original": {
        "owner": "nixos",
        "ref": "nixos-unstable",
        "repo": "nixpkgs",
        "type": "github"
      }
    },
    "nur": {
      "locked": {
        "lastModified": 1733010937,
        "narHash": "sha256-Nl+q5iwoPjXtGjKMpZzWwScFrUGojKzlPwhFkOLC6XI=",
        "owner": "nix-community",
        "repo": "NUR",
        "rev": "ec8a319ccb1fa71bab8ad5a9667ca11cc3afa592",
        "type": "github"
      },
      "original": {
        "owner": "nix-community",
        "repo": "NUR",
        "type": "github"
      }
    },
    "root": {
      "inputs": {
        "bash-env-json": "bash-env-json",
        "bash-env-nushell": "bash-env-nushell",
        "catppuccin": "catppuccin",
        "home-manager": "home-manager",
        "mise": "mise",
        "nix-index-database": "nix-index-database",
        "nixpkgs": "nixpkgs_3",
        "nixpkgs-unstable": "nixpkgs-unstable",
        "nur": "nur"
      }
    },
    "rust-overlay": {
      "inputs": {
        "nixpkgs": "nixpkgs"
      },
      "locked": {
        "lastModified": 1724293269,
        "narHash": "sha256-x/XhOAszT/ejditCHUtGOjQcVg2AQhrC/QVew3i7kTI=",
        "owner": "oxalica",
        "repo": "rust-overlay",
        "rev": "6dc6d34a3a217457d7044dcce32b6d537480a6a1",
        "type": "github"
      },
      "original": {
        "owner": "oxalica",
        "repo": "rust-overlay",
        "type": "github"
      }
    },
    "systems": {
      "locked": {
        "lastModified": 1681028828,
        "narHash": "sha256-Vy1rq5AaRuLzOxct8nz4T6wlgyUR7zLU309k9mBC768=",
        "owner": "nix-systems",
        "repo": "default",
        "rev": "da67096a3b9bf56a91d16901293e51ba5b49a27e",
        "type": "github"
      },
      "original": {
        "owner": "nix-systems",
        "repo": "default",
        "type": "github"
      }
    },
    "systems_2": {
      "locked": {
        "lastModified": 1681028828,
        "narHash": "sha256-Vy1rq5AaRuLzOxct8nz4T6wlgyUR7zLU309k9mBC768=",
        "owner": "nix-systems",
        "repo": "default",
        "rev": "da67096a3b9bf56a91d16901293e51ba5b49a27e",
        "type": "github"
      },
      "original": {
        "owner": "nix-systems",
        "repo": "default",
        "type": "github"
      }
    },
    "systems_3": {
      "locked": {
        "lastModified": 1681028828,
        "narHash": "sha256-Vy1rq5AaRuLzOxct8nz4T6wlgyUR7zLU309k9mBC768=",
        "owner": "nix-systems",
        "repo": "default",
        "rev": "da67096a3b9bf56a91d16901293e51ba5b49a27e",
        "type": "github"
      },
      "original": {
        "owner": "nix-systems",
        "repo": "default",
        "type": "github"
      }
    }
  },
  "root": "root",
  "version": 7
}
